// !$*UTF8*$!
{
	archiveVersion = 1;
	classes = {
	};
	objectVersion = 46;
	objects = {

/* Begin PBXBuildFile section */
		A306167E13A0F5B200A77EEF /* Cocoa.framework in Frameworks */ = {isa = PBXBuildFile; fileRef = A306167D13A0F5B200A77EEF /* Cocoa.framework */; };
		A306168813A0F5B200A77EEF /* InfoPlist.strings in Resources */ = {isa = PBXBuildFile; fileRef = A306168613A0F5B200A77EEF /* InfoPlist.strings */; };
		A306168A13A0F5B200A77EEF /* main.m in Sources */ = {isa = PBXBuildFile; fileRef = A306168913A0F5B200A77EEF /* main.m */; };
		A306168E13A0F5B200A77EEF /* Credits.rtf in Resources */ = {isa = PBXBuildFile; fileRef = A306168C13A0F5B200A77EEF /* Credits.rtf */; };
		A306169113A0F5B200A77EEF /* LRRestyMacDemoAppDelegate.m in Sources */ = {isa = PBXBuildFile; fileRef = A306169013A0F5B200A77EEF /* LRRestyMacDemoAppDelegate.m */; };
		A306169413A0F5B200A77EEF /* MainMenu.xib in Resources */ = {isa = PBXBuildFile; fileRef = A306169213A0F5B200A77EEF /* MainMenu.xib */; };
		A3F45A9313A12F8F00242E72 /* LRResty.framework in Frameworks */ = {isa = PBXBuildFile; fileRef = A3F45A9213A12F8F00242E72 /* LRResty.framework */; };
/* End PBXBuildFile section */

/* Begin PBXFileReference section */
		A306167D13A0F5B200A77EEF /* Cocoa.framework */ = {isa = PBXFileReference; lastKnownFileType = wrapper.framework; name = Cocoa.framework; path = System/Library/Frameworks/Cocoa.framework; sourceTree = SDKROOT; };
		A306168013A0F5B200A77EEF /* AppKit.framework */ = {isa = PBXFileReference; lastKnownFileType = wrapper.framework; name = AppKit.framework; path = System/Library/Frameworks/AppKit.framework; sourceTree = SDKROOT; };
		A306168113A0F5B200A77EEF /* CoreData.framework */ = {isa = PBXFileReference; lastKnownFileType = wrapper.framework; name = CoreData.framework; path = System/Library/Frameworks/CoreData.framework; sourceTree = SDKROOT; };
		A306168213A0F5B200A77EEF /* Foundation.framework */ = {isa = PBXFileReference; lastKnownFileType = wrapper.framework; name = Foundation.framework; path = System/Library/Frameworks/Foundation.framework; sourceTree = SDKROOT; };
		A306168513A0F5B200A77EEF /* LRRestyMacDemo-Info.plist */ = {isa = PBXFileReference; lastKnownFileType = text.plist.xml; path = "LRRestyMacDemo-Info.plist"; sourceTree = "<group>"; };
		A306168713A0F5B200A77EEF /* en */ = {isa = PBXFileReference; lastKnownFileType = text.plist.strings; name = en; path = en.lproj/InfoPlist.strings; sourceTree = "<group>"; };
		A306168913A0F5B200A77EEF /* main.m */ = {isa = PBXFileReference; lastKnownFileType = sourcecode.c.objc; path = main.m; sourceTree = "<group>"; };
		A306168B13A0F5B200A77EEF /* LRRestyMacDemo-Prefix.pch */ = {isa = PBXFileReference; lastKnownFileType = sourcecode.c.h; path = "LRRestyMacDemo-Prefix.pch"; sourceTree = "<group>"; };
		A306168D13A0F5B200A77EEF /* en */ = {isa = PBXFileReference; lastKnownFileType = text.rtf; name = en; path = en.lproj/Credits.rtf; sourceTree = "<group>"; };
		A306168F13A0F5B200A77EEF /* LRRestyMacDemoAppDelegate.h */ = {isa = PBXFileReference; lastKnownFileType = sourcecode.c.h; path = LRRestyMacDemoAppDelegate.h; sourceTree = "<group>"; };
		A306169013A0F5B200A77EEF /* LRRestyMacDemoAppDelegate.m */ = {isa = PBXFileReference; lastKnownFileType = sourcecode.c.objc; path = LRRestyMacDemoAppDelegate.m; sourceTree = "<group>"; };
		A306169313A0F5B200A77EEF /* en */ = {isa = PBXFileReference; lastKnownFileType = file.xib; name = en; path = en.lproj/MainMenu.xib; sourceTree = "<group>"; };
		A3F45A7413A12E1200242E72 /* LRRestyMacDemo.app */ = {isa = PBXFileReference; explicitFileType = wrapper.application; includeInIndex = 0; path = LRRestyMacDemo.app; sourceTree = BUILT_PRODUCTS_DIR; };
		A3F45A9213A12F8F00242E72 /* LRResty.framework */ = {isa = PBXFileReference; explicitFileType = wrapper.framework; path = LRResty.framework; sourceTree = SOURCE_ROOT; };
/* End PBXFileReference section */

/* Begin PBXFrameworksBuildPhase section */
		A306167613A0F5B200A77EEF /* Frameworks */ = {
			isa = PBXFrameworksBuildPhase;
			buildActionMask = 2147483647;
			files = (
				A3F45A9313A12F8F00242E72 /* LRResty.framework in Frameworks */,
				A306167E13A0F5B200A77EEF /* Cocoa.framework in Frameworks */,
			);
			runOnlyForDeploymentPostprocessing = 0;
		};
/* End PBXFrameworksBuildPhase section */

/* Begin PBXGroup section */
		A306166E13A0F5B200A77EEF = {
			isa = PBXGroup;
			children = (
				A3F45A9213A12F8F00242E72 /* LRResty.framework */,
				A306168313A0F5B200A77EEF /* LRRestyMacDemo */,
				A306167C13A0F5B200A77EEF /* Frameworks */,
				A3F45A7413A12E1200242E72 /* LRRestyMacDemo.app */,
			);
			sourceTree = "<group>";
		};
		A306167C13A0F5B200A77EEF /* Frameworks */ = {
			isa = PBXGroup;
			children = (
				A306167D13A0F5B200A77EEF /* Cocoa.framework */,
				A306167F13A0F5B200A77EEF /* Other Frameworks */,
			);
			name = Frameworks;
			sourceTree = "<group>";
		};
		A306167F13A0F5B200A77EEF /* Other Frameworks */ = {
			isa = PBXGroup;
			children = (
				A306168013A0F5B200A77EEF /* AppKit.framework */,
				A306168113A0F5B200A77EEF /* CoreData.framework */,
				A306168213A0F5B200A77EEF /* Foundation.framework */,
			);
			name = "Other Frameworks";
			sourceTree = "<group>";
		};
		A306168313A0F5B200A77EEF /* LRRestyMacDemo */ = {
			isa = PBXGroup;
			children = (
				A306168F13A0F5B200A77EEF /* LRRestyMacDemoAppDelegate.h */,
				A306169013A0F5B200A77EEF /* LRRestyMacDemoAppDelegate.m */,
				A306169213A0F5B200A77EEF /* MainMenu.xib */,
				A306168413A0F5B200A77EEF /* Supporting Files */,
			);
			path = LRRestyMacDemo;
			sourceTree = "<group>";
		};
		A306168413A0F5B200A77EEF /* Supporting Files */ = {
			isa = PBXGroup;
			children = (
				A306168513A0F5B200A77EEF /* LRRestyMacDemo-Info.plist */,
				A306168613A0F5B200A77EEF /* InfoPlist.strings */,
				A306168913A0F5B200A77EEF /* main.m */,
				A306168B13A0F5B200A77EEF /* LRRestyMacDemo-Prefix.pch */,
				A306168C13A0F5B200A77EEF /* Credits.rtf */,
			);
			name = "Supporting Files";
			sourceTree = "<group>";
		};
/* End PBXGroup section */

/* Begin PBXNativeTarget section */
		A306167813A0F5B200A77EEF /* LRRestyMacDemo */ = {
			isa = PBXNativeTarget;
			buildConfigurationList = A306169713A0F5B200A77EEF /* Build configuration list for PBXNativeTarget "LRRestyMacDemo" */;
			buildPhases = (
				A306167513A0F5B200A77EEF /* Sources */,
				A306167613A0F5B200A77EEF /* Frameworks */,
				A306167713A0F5B200A77EEF /* Resources */,
			);
			buildRules = (
			);
			dependencies = (
			);
			name = LRRestyMacDemo;
			productName = LRRestyMacDemo;
			productReference = A3F45A7413A12E1200242E72 /* LRRestyMacDemo.app */;
			productType = "com.apple.product-type.application";
		};
/* End PBXNativeTarget section */

/* Begin PBXProject section */
		A306167013A0F5B200A77EEF /* Project object */ = {
			isa = PBXProject;
			attributes = {
				ORGANIZATIONNAME = "LJR Software Limited";
			};
			buildConfigurationList = A306167313A0F5B200A77EEF /* Build configuration list for PBXProject "LRRestyMacDemo" */;
			compatibilityVersion = "Xcode 3.2";
			developmentRegion = English;
			hasScannedForEncodings = 0;
			knownRegions = (
				en,
			);
			mainGroup = A306166E13A0F5B200A77EEF;
			productRefGroup = A306166E13A0F5B200A77EEF;
			projectDirPath = "";
			projectRoot = "";
			targets = (
				A306167813A0F5B200A77EEF /* LRRestyMacDemo */,
			);
		};
/* End PBXProject section */

/* Begin PBXResourcesBuildPhase section */
		A306167713A0F5B200A77EEF /* Resources */ = {
			isa = PBXResourcesBuildPhase;
			buildActionMask = 2147483647;
			files = (
				A306168813A0F5B200A77EEF /* InfoPlist.strings in Resources */,
				A306168E13A0F5B200A77EEF /* Credits.rtf in Resources */,
				A306169413A0F5B200A77EEF /* MainMenu.xib in Resources */,
			);
			runOnlyForDeploymentPostprocessing = 0;
		};
/* End PBXResourcesBuildPhase section */

/* Begin PBXSourcesBuildPhase section */
		A306167513A0F5B200A77EEF /* Sources */ = {
			isa = PBXSourcesBuildPhase;
			buildActionMask = 2147483647;
			files = (
				A306168A13A0F5B200A77EEF /* main.m in Sources */,
				A306169113A0F5B200A77EEF /* LRRestyMacDemoAppDelegate.m in Sources */,
			);
			runOnlyForDeploymentPostprocessing = 0;
		};
/* End PBXSourcesBuildPhase section */

/* Begin PBXVariantGroup section */
		A306168613A0F5B200A77EEF /* InfoPlist.strings */ = {
			isa = PBXVariantGroup;
			children = (
				A306168713A0F5B200A77EEF /* en */,
			);
			name = InfoPlist.strings;
			sourceTree = "<group>";
		};
		A306168C13A0F5B200A77EEF /* Credits.rtf */ = {
			isa = PBXVariantGroup;
			children = (
				A306168D13A0F5B200A77EEF /* en */,
			);
			name = Credits.rtf;
			sourceTree = "<group>";
		};
		A306169213A0F5B200A77EEF /* MainMenu.xib */ = {
			isa = PBXVariantGroup;
			children = (
				A306169313A0F5B200A77EEF /* en */,
			);
			name = MainMenu.xib;
			sourceTree = "<group>";
		};
/* End PBXVariantGroup section */

/* Begin XCBuildConfiguration section */
		A306169513A0F5B200A77EEF /* Debug */ = {
			isa = XCBuildConfiguration;
			buildSettings = {
				ALWAYS_SEARCH_USER_PATHS = NO;
				ARCHS = "$(ARCHS_STANDARD_32_64_BIT)";
				COPY_PHASE_STRIP = NO;
				GCC_C_LANGUAGE_STANDARD = gnu99;
				GCC_DYNAMIC_NO_PIC = NO;
				GCC_ENABLE_OBJC_EXCEPTIONS = YES;
				GCC_OPTIMIZATION_LEVEL = 0;
				GCC_PREPROCESSOR_DEFINITIONS = (
					"DEBUG=1",
					"$(inherited)",
				);
				GCC_SYMBOLS_PRIVATE_EXTERN = NO;
				GCC_VERSION = com.apple.compilers.llvm.clang.1_0;
				GCC_WARN_64_TO_32_BIT_CONVERSION = YES;
				GCC_WARN_ABOUT_MISSING_PROTOTYPES = YES;
				GCC_WARN_ABOUT_RETURN_TYPE = YES;
				GCC_WARN_UNUSED_VARIABLE = YES;
				MACOSX_DEPLOYMENT_TARGET = 10.6;
				ONLY_ACTIVE_ARCH = YES;
				SDKROOT = macosx;
			};
			name = Debug;
		};
		A306169613A0F5B200A77EEF /* Release */ = {
			isa = XCBuildConfiguration;
			buildSettings = {
				ALWAYS_SEARCH_USER_PATHS = NO;
				ARCHS = "$(ARCHS_STANDARD_32_64_BIT)";
				COPY_PHASE_STRIP = YES;
				DEBUG_INFORMATION_FORMAT = "dwarf-with-dsym";
				GCC_C_LANGUAGE_STANDARD = gnu99;
				GCC_ENABLE_OBJC_EXCEPTIONS = YES;
				GCC_VERSION = com.apple.compilers.llvm.clang.1_0;
				GCC_WARN_64_TO_32_BIT_CONVERSION = YES;
				GCC_WARN_ABOUT_MISSING_PROTOTYPES = YES;
				GCC_WARN_ABOUT_RETURN_TYPE = YES;
				GCC_WARN_UNUSED_VARIABLE = YES;
				MACOSX_DEPLOYMENT_TARGET = 10.6;
				SDKROOT = macosx;
			};
			name = Release;
		};
		A306169813A0F5B200A77EEF /* Debug */ = {
			isa = XCBuildConfiguration;
			buildSettings = {
				FRAMEWORK_SEARCH_PATHS = (
					"$(inherited)",
					"\"$(SRCROOT)\"",
				);
				GCC_PRECOMPILE_PREFIX_HEADER = YES;
				GCC_PREFIX_HEADER = "LRRestyMacDemo/LRRestyMacDemo-Prefix.pch";
				GCC_VERSION = "";
				INFOPLIST_FILE = "LRRestyMacDemo/LRRestyMacDemo-Info.plist";
				PRODUCT_NAME = "$(TARGET_NAME)";
				WRAPPER_EXTENSION = app;
			};
			name = Debug;
		};
		A306169913A0F5B200A77EEF /* Release */ = {
			isa = XCBuildConfiguration;
			buildSettings = {
				FRAMEWORK_SEARCH_PATHS = (
					"$(inherited)",
					"\"$(SRCROOT)\"",
				);
				GCC_PRECOMPILE_PREFIX_HEADER = YES;
				GCC_PREFIX_HEADER = "LRRestyMacDemo/LRRestyMacDemo-Prefix.pch";
				GCC_VERSION = "";
				INFOPLIST_FILE = "LRRestyMacDemo/LRRestyMacDemo-Info.plist";
				PRODUCT_NAME = "$(TARGET_NAME)";
				WRAPPER_EXTENSION = app;
			};
			name = Release;
		};
/* End XCBuildConfiguration section */

/* Begin XCConfigurationList section */
		A306167313A0F5B200A77EEF /* Build configuration list for PBXProject "LRRestyMacDemo" */ = {
			isa = XCConfigurationList;
			buildConfigurations = (
				A306169513A0F5B200A77EEF /* Debug */,
				A306169613A0F5B200A77EEF /* Release */,
			);
			defaultConfigurationIsVisible = 0;
			defaultConfigurationName = Release;
		};
		A306169713A0F5B200A77EEF /* Build configuration list for PBXNativeTarget "LRRestyMacDemo" */ = {
			isa = XCConfigurationList;
			buildConfigurations = (
				A306169813A0F5B200A77EEF /* Debug */,
				A306169913A0F5B200A77EEF /* Release */,
			);
			defaultConfigurationIsVisible = 0;
			defaultConfigurationName = Release;
		};
/* End XCConfigurationList section */
	};
	rootObject = A306167013A0F5B200A77EEF /* Project object */;
}
